// !$*UTF8*$!
{
	archiveVersion = 1;
	classes = {
	};
	objectVersion = 56;
	objects = {

/* Begin PBXBuildFile section */
		3885053829BBB18C0091C8BB /* AppDelegate.swift in Sources */ = {isa = PBXBuildFile; fileRef = 3885053729BBB18C0091C8BB /* AppDelegate.swift */; };
		3885053A29BBB18C0091C8BB /* SceneDelegate.swift in Sources */ = {isa = PBXBuildFile; fileRef = 3885053929BBB18C0091C8BB /* SceneDelegate.swift */; };
		3885053C29BBB18C0091C8BB /* ViewController.swift in Sources */ = {isa = PBXBuildFile; fileRef = 3885053B29BBB18C0091C8BB /* ViewController.swift */; };
		3885053F29BBB18C0091C8BB /* Main.storyboard in Resources */ = {isa = PBXBuildFile; fileRef = 3885053D29BBB18C0091C8BB /* Main.storyboard */; };
		3885054129BBB18E0091C8BB /* Assets.xcassets in Resources */ = {isa = PBXBuildFile; fileRef = 3885054029BBB18E0091C8BB /* Assets.xcassets */; };
		3885054429BBB18E0091C8BB /* LaunchScreen.storyboard in Resources */ = {isa = PBXBuildFile; fileRef = 3885054229BBB18E0091C8BB /* LaunchScreen.storyboard */; };
		3885054C29BBB2C50091C8BB /* start.txt in Resources */ = {isa = PBXBuildFile; fileRef = 3885054B29BBB2C50091C8BB /* start.txt */; };
		3885054E29BBE3500091C8BB /* util.swift in Sources */ = {isa = PBXBuildFile; fileRef = 3885054D29BBE3500091C8BB /* util.swift */; };
/* End PBXBuildFile section */

/* Begin PBXFileReference section */
		3885053429BBB18C0091C8BB /* HWS Project 5.app */ = {isa = PBXFileReference; explicitFileType = wrapper.application; includeInIndex = 0; path = "HWS Project 5.app"; sourceTree = BUILT_PRODUCTS_DIR; };
		3885053729BBB18C0091C8BB /* AppDelegate.swift */ = {isa = PBXFileReference; lastKnownFileType = sourcecode.swift; path = AppDelegate.swift; sourceTree = "<group>"; };
		3885053929BBB18C0091C8BB /* SceneDelegate.swift */ = {isa = PBXFileReference; lastKnownFileType = sourcecode.swift; path = SceneDelegate.swift; sourceTree = "<group>"; };
		3885053B29BBB18C0091C8BB /* ViewController.swift */ = {isa = PBXFileReference; lastKnownFileType = sourcecode.swift; path = ViewController.swift; sourceTree = "<group>"; };
		3885053E29BBB18C0091C8BB /* Base */ = {isa = PBXFileReference; lastKnownFileType = file.storyboard; name = Base; path = Base.lproj/Main.storyboard; sourceTree = "<group>"; };
		3885054029BBB18E0091C8BB /* Assets.xcassets */ = {isa = PBXFileReference; lastKnownFileType = folder.assetcatalog; path = Assets.xcassets; sourceTree = "<group>"; };
		3885054329BBB18E0091C8BB /* Base */ = {isa = PBXFileReference; lastKnownFileType = file.storyboard; name = Base; path = Base.lproj/LaunchScreen.storyboard; sourceTree = "<group>"; };
		3885054529BBB18E0091C8BB /* Info.plist */ = {isa = PBXFileReference; lastKnownFileType = text.plist.xml; path = Info.plist; sourceTree = "<group>"; };
		3885054B29BBB2C50091C8BB /* start.txt */ = {isa = PBXFileReference; fileEncoding = 4; lastKnownFileType = text; path = start.txt; sourceTree = "<group>"; };
		3885054D29BBE3500091C8BB /* util.swift */ = {isa = PBXFileReference; lastKnownFileType = sourcecode.swift; path = util.swift; sourceTree = "<group>"; };
/* End PBXFileReference section */

/* Begin PBXFrameworksBuildPhase section */
		3885053129BBB18C0091C8BB /* Frameworks */ = {
			isa = PBXFrameworksBuildPhase;
			buildActionMask = 2147483647;
			files = (
			);
			runOnlyForDeploymentPostprocessing = 0;
		};
/* End PBXFrameworksBuildPhase section */

/* Begin PBXGroup section */
		3885052B29BBB18C0091C8BB = {
			isa = PBXGroup;
			children = (
				3885053629BBB18C0091C8BB /* HWS Project 5 */,
				3885053529BBB18C0091C8BB /* Products */,
			);
			sourceTree = "<group>";
		};
		3885053529BBB18C0091C8BB /* Products */ = {
			isa = PBXGroup;
			children = (
				3885053429BBB18C0091C8BB /* HWS Project 5.app */,
			);
			name = Products;
			sourceTree = "<group>";
		};
		3885053629BBB18C0091C8BB /* HWS Project 5 */ = {
			isa = PBXGroup;
			children = (
				3885054D29BBE3500091C8BB /* util.swift */,
				3885053729BBB18C0091C8BB /* AppDelegate.swift */,
				3885053929BBB18C0091C8BB /* SceneDelegate.swift */,
				3885053B29BBB18C0091C8BB /* ViewController.swift */,
				3885053D29BBB18C0091C8BB /* Main.storyboard */,
				3885054029BBB18E0091C8BB /* Assets.xcassets */,
				3885054229BBB18E0091C8BB /* LaunchScreen.storyboard */,
				3885054529BBB18E0091C8BB /* Info.plist */,
				3885054B29BBB2C50091C8BB /* start.txt */,
			);
			path = "HWS Project 5";
			sourceTree = "<group>";
		};
/* End PBXGroup section */

/* Begin PBXNativeTarget section */
		3885053329BBB18C0091C8BB /* HWS Project 5 */ = {
			isa = PBXNativeTarget;
			buildConfigurationList = 3885054829BBB18E0091C8BB /* Build configuration list for PBXNativeTarget "HWS Project 5" */;
			buildPhases = (
				3885053029BBB18C0091C8BB /* Sources */,
				3885053129BBB18C0091C8BB /* Frameworks */,
				3885053229BBB18C0091C8BB /* Resources */,
			);
			buildRules = (
			);
			dependencies = (
			);
			name = "HWS Project 5";
			productName = "HWS Project 5";
			productReference = 3885053429BBB18C0091C8BB /* HWS Project 5.app */;
			productType = "com.apple.product-type.application";
		};
/* End PBXNativeTarget section */

/* Begin PBXProject section */
		3885052C29BBB18C0091C8BB /* Project object */ = {
			isa = PBXProject;
			attributes = {
				BuildIndependentTargetsInParallel = 1;
				LastSwiftUpdateCheck = 1420;
				LastUpgradeCheck = 1420;
				TargetAttributes = {
					3885053329BBB18C0091C8BB = {
						CreatedOnToolsVersion = 14.2;
					};
				};
			};
			buildConfigurationList = 3885052F29BBB18C0091C8BB /* Build configuration list for PBXProject "HWS Project 5" */;
			compatibilityVersion = "Xcode 14.0";
			developmentRegion = en;
			hasScannedForEncodings = 0;
			knownRegions = (
				en,
				Base,
			);
			mainGroup = 3885052B29BBB18C0091C8BB;
			productRefGroup = 3885053529BBB18C0091C8BB /* Products */;
			projectDirPath = "";
			projectRoot = "";
			targets = (
				3885053329BBB18C0091C8BB /* HWS Project 5 */,
			);
		};
/* End PBXProject section */

/* Begin PBXResourcesBuildPhase section */
		3885053229BBB18C0091C8BB /* Resources */ = {
			isa = PBXResourcesBuildPhase;
			buildActionMask = 2147483647;
			files = (
				3885054429BBB18E0091C8BB /* LaunchScreen.storyboard in Resources */,
				3885054C29BBB2C50091C8BB /* start.txt in Resources */,
				3885054129BBB18E0091C8BB /* Assets.xcassets in Resources */,
				3885053F29BBB18C0091C8BB /* Main.storyboard in Resources */,
			);
			runOnlyForDeploymentPostprocessing = 0;
		};
/* End PBXResourcesBuildPhase section */

/* Begin PBXSourcesBuildPhase section */
		3885053029BBB18C0091C8BB /* Sources */ = {
			isa = PBXSourcesBuildPhase;
			buildActionMask = 2147483647;
			files = (
				3885053C29BBB18C0091C8BB /* ViewController.swift in Sources */,
				3885053829BBB18C0091C8BB /* AppDelegate.swift in Sources */,
				3885053A29BBB18C0091C8BB /* SceneDelegate.swift in Sources */,
				3885054E29BBE3500091C8BB /* util.swift in Sources */,
			);
			runOnlyForDeploymentPostprocessing = 0;
		};
/* End PBXSourcesBuildPhase section */

/* Begin PBXVariantGroup section */
		3885053D29BBB18C0091C8BB /* Main.storyboard */ = {
			isa = PBXVariantGroup;
			children = (
				3885053E29BBB18C0091C8BB /* Base */,
			);
			name = Main.storyboard;
			sourceTree = "<group>";
		};
		3885054229BBB18E0091C8BB /* LaunchScreen.storyboard */ = {
			isa = PBXVariantGroup;
			children = (
				3885054329BBB18E0091C8BB /* Base */,
			);
			name = LaunchScreen.storyboard;
			sourceTree = "<group>";
		};
/* End PBXVariantGroup section */

/* Begin XCBuildConfiguration section */
		3885054629BBB18E0091C8BB /* Debug */ = {
			isa = XCBuildConfiguration;
			buildSettings = {
				ALWAYS_SEARCH_USER_PATHS = NO;
				CLANG_ANALYZER_NONNULL = YES;
				CLANG_ANALYZER_NUMBER_OBJECT_CONVERSION = YES_AGGRESSIVE;
				CLANG_CXX_LANGUAGE_STANDARD = "gnu++20";
				CLANG_ENABLE_MODULES = YES;
				CLANG_ENABLE_OBJC_ARC = YES;
				CLANG_ENABLE_OBJC_WEAK = YES;
				CLANG_WARN_BLOCK_CAPTURE_AUTORELEASING = YES;
				CLANG_WARN_BOOL_CONVERSION = YES;
				CLANG_WARN_COMMA = YES;
				CLANG_WARN_CONSTANT_CONVERSION = YES;
				CLANG_WARN_DEPRECATED_OBJC_IMPLEMENTATIONS = YES;
				CLANG_WARN_DIRECT_OBJC_ISA_USAGE = YES_ERROR;
				CLANG_WARN_DOCUMENTATION_COMMENTS = YES;
				CLANG_WARN_EMPTY_BODY = YES;
				CLANG_WARN_ENUM_CONVERSION = YES;
				CLANG_WARN_INFINITE_RECURSION = YES;
				CLANG_WARN_INT_CONVERSION = YES;
				CLANG_WARN_NON_LITERAL_NULL_CONVERSION = YES;
				CLANG_WARN_OBJC_IMPLICIT_RETAIN_SELF = YES;
				CLANG_WARN_OBJC_LITERAL_CONVERSION = YES;
				CLANG_WARN_OBJC_ROOT_CLASS = YES_ERROR;
				CLANG_WARN_QUOTED_INCLUDE_IN_FRAMEWORK_HEADER = YES;
				CLANG_WARN_RANGE_LOOP_ANALYSIS = YES;
				CLANG_WARN_STRICT_PROTOTYPES = YES;
				CLANG_WARN_SUSPICIOUS_MOVE = YES;
				CLANG_WARN_UNGUARDED_AVAILABILITY = YES_AGGRESSIVE;
				CLANG_WARN_UNREACHABLE_CODE = YES;
				CLANG_WARN__DUPLICATE_METHOD_MATCH = YES;
				COPY_PHASE_STRIP = NO;
				DEBUG_INFORMATION_FORMAT = dwarf;
				ENABLE_STRICT_OBJC_MSGSEND = YES;
				ENABLE_TESTABILITY = YES;
				GCC_C_LANGUAGE_STANDARD = gnu11;
				GCC_DYNAMIC_NO_PIC = NO;
				GCC_NO_COMMON_BLOCKS = YES;
				GCC_OPTIMIZATION_LEVEL = 0;
				GCC_PREPROCESSOR_DEFINITIONS = (
					"DEBUG=1",
					"$(inherited)",
				);
				GCC_WARN_64_TO_32_BIT_CONVERSION = YES;
				GCC_WARN_ABOUT_RETURN_TYPE = YES_ERROR;
				GCC_WARN_UNDECLARED_SELECTOR = YES;
				GCC_WARN_UNINITIALIZED_AUTOS = YES_AGGRESSIVE;
				GCC_WARN_UNUSED_FUNCTION = YES;
				GCC_WARN_UNUSED_VARIABLE = YES;
				IPHONEOS_DEPLOYMENT_TARGET = 16.2;
				MTL_ENABLE_DEBUG_INFO = INCLUDE_SOURCE;
				MTL_FAST_MATH = YES;
				ONLY_ACTIVE_ARCH = YES;
				SDKROOT = iphoneos;
				SWIFT_ACTIVE_COMPILATION_CONDITIONS = DEBUG;
				SWIFT_OPTIMIZATION_LEVEL = "-Onone";
			};
			name = Debug;
		};
		3885054729BBB18E0091C8BB /* Release */ = {
			isa = XCBuildConfiguration;
			buildSettings = {
				ALWAYS_SEARCH_USER_PATHS = NO;
				CLANG_ANALYZER_NONNULL = YES;
				CLANG_ANALYZER_NUMBER_OBJECT_CONVERSION = YES_AGGRESSIVE;
				CLANG_CXX_LANGUAGE_STANDARD = "gnu++20";
				CLANG_ENABLE_MODULES = YES;
				CLANG_ENABLE_OBJC_ARC = YES;
				CLANG_ENABLE_OBJC_WEAK = YES;
				CLANG_WARN_BLOCK_CAPTURE_AUTORELEASING = YES;
				CLANG_WARN_BOOL_CONVERSION = YES;
				CLANG_WARN_COMMA = YES;
				CLANG_WARN_CONSTANT_CONVERSION = YES;
				CLANG_WARN_DEPRECATED_OBJC_IMPLEMENTATIONS = YES;
				CLANG_WARN_DIRECT_OBJC_ISA_USAGE = YES_ERROR;
				CLANG_WARN_DOCUMENTATION_COMMENTS = YES;
				CLANG_WARN_EMPTY_BODY = YES;
				CLANG_WARN_ENUM_CONVERSION = YES;
				CLANG_WARN_INFINITE_RECURSION = YES;
				CLANG_WARN_INT_CONVERSION = YES;
				CLANG_WARN_NON_LITERAL_NULL_CONVERSION = YES;
				CLANG_WARN_OBJC_IMPLICIT_RETAIN_SELF = YES;
				CLANG_WARN_OBJC_LITERAL_CONVERSION = YES;
				CLANG_WARN_OBJC_ROOT_CLASS = YES_ERROR;
				CLANG_WARN_QUOTED_INCLUDE_IN_FRAMEWORK_HEADER = YES;
				CLANG_WARN_RANGE_LOOP_ANALYSIS = YES;
				CLANG_WARN_STRICT_PROTOTYPES = YES;
				CLANG_WARN_SUSPICIOUS_MOVE = YES;
				CLANG_WARN_UNGUARDED_AVAILABILITY = YES_AGGRESSIVE;
				CLANG_WARN_UNREACHABLE_CODE = YES;
				CLANG_WARN__DUPLICATE_METHOD_MATCH = YES;
				COPY_PHASE_STRIP = NO;
				DEBUG_INFORMATION_FORMAT = "dwarf-with-dsym";
				ENABLE_NS_ASSERTIONS = NO;
				ENABLE_STRICT_OBJC_MSGSEND = YES;
				GCC_C_LANGUAGE_STANDARD = gnu11;
				GCC_NO_COMMON_BLOCKS = YES;
				GCC_WARN_64_TO_32_BIT_CONVERSION = YES;
				GCC_WARN_ABOUT_RETURN_TYPE = YES_ERROR;
				GCC_WARN_UNDECLARED_SELECTOR = YES;
				GCC_WARN_UNINITIALIZED_AUTOS = YES_AGGRESSIVE;
				GCC_WARN_UNUSED_FUNCTION = YES;
				GCC_WARN_UNUSED_VARIABLE = YES;
				IPHONEOS_DEPLOYMENT_TARGET = 16.2;
				MTL_ENABLE_DEBUG_INFO = NO;
				MTL_FAST_MATH = YES;
				SDKROOT = iphoneos;
				SWIFT_COMPILATION_MODE = wholemodule;
				SWIFT_OPTIMIZATION_LEVEL = "-O";
				VALIDATE_PRODUCT = YES;
			};
			name = Release;
		};
		3885054929BBB18E0091C8BB /* Debug */ = {
			isa = XCBuildConfiguration;
			buildSettings = {
				ASSETCATALOG_COMPILER_APPICON_NAME = AppIcon;
				ASSETCATALOG_COMPILER_GLOBAL_ACCENT_COLOR_NAME = AccentColor;
				CODE_SIGN_STYLE = Automatic;
				CURRENT_PROJECT_VERSION = 1;
				DEVELOPMENT_TEAM = TXRLA67A54;
				GENERATE_INFOPLIST_FILE = YES;
				INFOPLIST_FILE = "HWS Project 5/Info.plist";
				INFOPLIST_KEY_UIApplicationSupportsIndirectInputEvents = YES;
				INFOPLIST_KEY_UILaunchStoryboardName = LaunchScreen;
				INFOPLIST_KEY_UIMainStoryboardFile = Main;
				INFOPLIST_KEY_UISupportedInterfaceOrientations_iPad = "UIInterfaceOrientationPortrait UIInterfaceOrientationPortraitUpsideDown UIInterfaceOrientationLandscapeLeft UIInterfaceOrientationLandscapeRight";
				INFOPLIST_KEY_UISupportedInterfaceOrientations_iPhone = "UIInterfaceOrientationPortrait UIInterfaceOrientationLandscapeLeft UIInterfaceOrientationLandscapeRight";
				LD_RUNPATH_SEARCH_PATHS = (
					"$(inherited)",
					"@executable_path/Frameworks",
				);
				MARKETING_VERSION = 1.0;
				PRODUCT_BUNDLE_IDENTIFIER = "come.walker-lockard.HWS-Project-5";
				PRODUCT_NAME = "$(TARGET_NAME)";
				SWIFT_EMIT_LOC_STRINGS = YES;
				SWIFT_VERSION = 5.0;
				TARGETED_DEVICE_FAMILY = "1,2";
			};
			name = Debug;
		};
		3885054A29BBB18E0091C8BB /* Release */ = {
			isa = XCBuildConfiguration;
			buildSettings = {
				ASSETCATALOG_COMPILER_APPICON_NAME = AppIcon;
				ASSETCATALOG_COMPILER_GLOBAL_ACCENT_COLOR_NAME = AccentColor;
				CODE_SIGN_STYLE = Automatic;
				CURRENT_PROJECT_VERSION = 1;
				DEVELOPMENT_TEAM = TXRLA67A54;
				GENERATE_INFOPLIST_FILE = YES;
				INFOPLIST_FILE = "HWS Project 5/Info.plist";
				INFOPLIST_KEY_UIApplicationSupportsIndirectInputEvents = YES;
				INFOPLIST_KEY_UILaunchStoryboardName = LaunchScreen;
				INFOPLIST_KEY_UIMainStoryboardFile = Main;
				INFOPLIST_KEY_UISupportedInterfaceOrientations_iPad = "UIInterfaceOrientationPortrait UIInterfaceOrientationPortraitUpsideDown UIInterfaceOrientationLandscapeLeft UIInterfaceOrientationLandscapeRight";
				INFOPLIST_KEY_UISupportedInterfaceOrientations_iPhone = "UIInterfaceOrientationPortrait UIInterfaceOrientationLandscapeLeft UIInterfaceOrientationLandscapeRight";
				LD_RUNPATH_SEARCH_PATHS = (
					"$(inherited)",
					"@executable_path/Frameworks",
				);
				MARKETING_VERSION = 1.0;
				PRODUCT_BUNDLE_IDENTIFIER = "come.walker-lockard.HWS-Project-5";
				PRODUCT_NAME = "$(TARGET_NAME)";
				SWIFT_EMIT_LOC_STRINGS = YES;
				SWIFT_VERSION = 5.0;
				TARGETED_DEVICE_FAMILY = "1,2";
			};
			name = Release;
		};
/* End XCBuildConfiguration section */

/* Begin XCConfigurationList section */
		3885052F29BBB18C0091C8BB /* Build configuration list for PBXProject "HWS Project 5" */ = {
			isa = XCConfigurationList;
			buildConfigurations = (
				3885054629BBB18E0091C8BB /* Debug */,
				3885054729BBB18E0091C8BB /* Release */,
			);
			defaultConfigurationIsVisible = 0;
			defaultConfigurationName = Release;
		};
		3885054829BBB18E0091C8BB /* Build configuration list for PBXNativeTarget "HWS Project 5" */ = {
			isa = XCConfigurationList;
			buildConfigurations = (
				3885054929BBB18E0091C8BB /* Debug */,
				3885054A29BBB18E0091C8BB /* Release */,
			);
			defaultConfigurationIsVisible = 0;
			defaultConfigurationName = Release;
		};
/* End XCConfigurationList section */
	};
	rootObject = 3885052C29BBB18C0091C8BB /* Project object */;
}
